
Microsoft Visual Studio Solution File, Format Version 12.00
# Visual Studio Version 17
VisualStudioVersion = 17.9.34728.123
MinimumVisualStudioVersion = 10.0.40219.1
Project("{FAE04EC0-301F-11D3-BF4B-00C04F79EFBC}") = "AdditionalWebsiteStatsProject", "AdditionalWebsiteStatsProject.csproj", "{DE15632C-A1EE-445D-B9E6-0643DF9ACC51}"
EndProject
Global
	GlobalSection(SolutionConfigurationPlatforms) = preSolution
		Debug|Any CPU = Debug|Any CPU
		Release|Any CPU = Release|Any CPU
	EndGlobalSection
	GlobalSection(ProjectConfigurationPlatforms) = postSolution
		{DE15632C-A1EE-445D-B9E6-0643DF9ACC51}.Debug|Any CPU.ActiveCfg = Debug|Any CPU
		{DE15632C-A1EE-445D-B9E6-0643DF9ACC51}.Debug|Any CPU.Build.0 = Debug|Any CPU
		{DE15632C-A1EE-445D-B9E6-0643DF9ACC51}.Release|Any CPU.ActiveCfg = Release|Any CPU
		{DE15632C-A1EE-445D-B9E6-0643DF9ACC51}.Release|Any CPU.Build.0 = Release|Any CPU
	EndGlobalSection
	GlobalSection(SolutionProperties) = preSolution
		HideSolutionNode = FALSE
	EndGlobalSection
	GlobalSection(ExtensibilityGlobals) = postSolution
		SolutionGuid = {92CE1C31-E9AC-4DAA-B354-565FC7C65282}
	EndGlobalSection
EndGlobal
